
Microsoft Visual Studio Solution File, Format Version 12.00
# Visual Studio Version 17
VisualStudioVersion = 17.7.34031.279
MinimumVisualStudioVersion = 10.0.40219.1
Project("{FAE04EC0-301F-11D3-BF4B-00C04F79EFBC}") = "HaMinhTrung_0279", "HaMinhTrung_0279\HaMinhTrung_0279.csproj", "{4ECFF498-9CBD-4D6F-87E9-F0090567C9C6}"
EndProject
Global
	GlobalSection(SolutionConfigurationPlatforms) = preSolution
		Debug|Any CPU = Debug|Any CPU
		Release|Any CPU = Release|Any CPU
	EndGlobalSection
	GlobalSection(ProjectConfigurationPlatforms) = postSolution
		{4ECFF498-9CBD-4D6F-87E9-F0090567C9C6}.Debug|Any CPU.ActiveCfg = Debug|Any CPU
		{4ECFF498-9CBD-4D6F-87E9-F0090567C9C6}.Debug|Any CPU.Build.0 = Debug|Any CPU
		{4ECFF498-9CBD-4D6F-87E9-F0090567C9C6}.Release|Any CPU.ActiveCfg = Release|Any CPU
		{4ECFF498-9CBD-4D6F-87E9-F0090567C9C6}.Release|Any CPU.Build.0 = Release|Any CPU
	EndGlobalSection
	GlobalSection(SolutionProperties) = preSolution
		HideSolutionNode = FALSE
	EndGlobalSection
	GlobalSection(ExtensibilityGlobals) = postSolution
		SolutionGuid = {D1003942-E356-425C-94F8-333D55D9F0A1}
	EndGlobalSection
EndGlobal
